
Microsoft Visual Studio Solution File, Format Version 12.00
# Visual Studio Version 16
VisualStudioVersion = 16.0.30804.86
MinimumVisualStudioVersion = 10.0.40219.1
Project("{FAE04EC0-301F-11D3-BF4B-00C04F79EFBC}") = "StringReferenceQuiz", "StringReferenceQuiz\StringReferenceQuiz.csproj", "{0876FF99-EFD9-4076-BA5E-7BD0798BA818}"
EndProject
Global
	GlobalSection(SolutionConfigurationPlatforms) = preSolution
		Debug|Any CPU = Debug|Any CPU
		Release|Any CPU = Release|Any CPU
	EndGlobalSection
	GlobalSection(ProjectConfigurationPlatforms) = postSolution
		{0876FF99-EFD9-4076-BA5E-7BD0798BA818}.Debug|Any CPU.ActiveCfg = Debug|Any CPU
		{0876FF99-EFD9-4076-BA5E-7BD0798BA818}.Debug|Any CPU.Build.0 = Debug|Any CPU
		{0876FF99-EFD9-4076-BA5E-7BD0798BA818}.Release|Any CPU.ActiveCfg = Release|Any CPU
		{0876FF99-EFD9-4076-BA5E-7BD0798BA818}.Release|Any CPU.Build.0 = Release|Any CPU
	EndGlobalSection
	GlobalSection(SolutionProperties) = preSolution
		HideSolutionNode = FALSE
	EndGlobalSection
	GlobalSection(ExtensibilityGlobals) = postSolution
		SolutionGuid = {79D38E5F-0D72-4A48-B4C6-4B4FAF676710}
	EndGlobalSection
EndGlobal
